
Microsoft Visual Studio Solution File, Format Version 12.00
# Visual Studio 15
VisualStudioVersion = 15.0.26430.12
MinimumVisualStudioVersion = 10.0.40219.1
Project("{FAE04EC0-301F-11D3-BF4B-00C04F79EFBC}") = "DataSetExtractor", "DataSetExtractor\DataSetExtractor.csproj", "{C14118B6-FF14-4947-A5D8-D111CEE4271D}"
EndProject
Global
	GlobalSection(SolutionConfigurationPlatforms) = preSolution
		Debug|Any CPU = Debug|Any CPU
		Release|Any CPU = Release|Any CPU
	EndGlobalSection
	GlobalSection(ProjectConfigurationPlatforms) = postSolution
		{C14118B6-FF14-4947-A5D8-D111CEE4271D}.Debug|Any CPU.ActiveCfg = Debug|Any CPU
		{C14118B6-FF14-4947-A5D8-D111CEE4271D}.Debug|Any CPU.Build.0 = Debug|Any CPU
		{C14118B6-FF14-4947-A5D8-D111CEE4271D}.Release|Any CPU.ActiveCfg = Release|Any CPU
		{C14118B6-FF14-4947-A5D8-D111CEE4271D}.Release|Any CPU.Build.0 = Release|Any CPU
	EndGlobalSection
	GlobalSection(SolutionProperties) = preSolution
		HideSolutionNode = FALSE
	EndGlobalSection
EndGlobal
